{
  "requires": true,
  "lockfileVersion": 1,
  "dependencies": {
    "draw-on-canvas": {
      "version": "1.1.1",
      "resolved": "https://registry.npmjs.org/draw-on-canvas/-/draw-on-canvas-1.1.1.tgz",
      "integrity": "sha512-iMLR2fedrrAxPDGBJmKsMp85B4NFbyqx2j/EAisXbXVfQ5oZ1DrAmckreIDw5Y5yzQLVn7FV3CilGETshZAwEg=="
    }
  }
}
